// !$*UTF8*$!
{
	archiveVersion = 1;
	classes = {
	};
	objectVersion = 50;
	objects = {

/* Begin PBXBuildFile section */
		D340FC2822DB5D1F00C4D0B0 /* AppDelegate.swift in Sources */ = {isa = PBXBuildFile; fileRef = D340FC2722DB5D1F00C4D0B0 /* AppDelegate.swift */; };
		D340FC2A22DB5D1F00C4D0B0 /* ViewController.swift in Sources */ = {isa = PBXBuildFile; fileRef = D340FC2922DB5D1F00C4D0B0 /* ViewController.swift */; };
		D340FC2D22DB5D1F00C4D0B0 /* Main.storyboard in Resources */ = {isa = PBXBuildFile; fileRef = D340FC2B22DB5D1F00C4D0B0 /* Main.storyboard */; };
		D340FC2F22DB5D2000C4D0B0 /* Assets.xcassets in Resources */ = {isa = PBXBuildFile; fileRef = D340FC2E22DB5D2000C4D0B0 /* Assets.xcassets */; };
		D340FC3222DB5D2000C4D0B0 /* LaunchScreen.storyboard in Resources */ = {isa = PBXBuildFile; fileRef = D340FC3022DB5D2000C4D0B0 /* LaunchScreen.storyboard */; };
		D340FC3C22DB617300C4D0B0 /* Task.swift in Sources */ = {isa = PBXBuildFile; fileRef = D340FC3B22DB617300C4D0B0 /* Task.swift */; };
/* End PBXBuildFile section */

/* Begin PBXFileReference section */
		D340FC2422DB5D1F00C4D0B0 /* ToDo.app */ = {isa = PBXFileReference; explicitFileType = wrapper.application; includeInIndex = 0; path = ToDo.app; sourceTree = BUILT_PRODUCTS_DIR; };
		D340FC2722DB5D1F00C4D0B0 /* AppDelegate.swift */ = {isa = PBXFileReference; lastKnownFileType = sourcecode.swift; path = AppDelegate.swift; sourceTree = "<group>"; };
		D340FC2922DB5D1F00C4D0B0 /* ViewController.swift */ = {isa = PBXFileReference; lastKnownFileType = sourcecode.swift; path = ViewController.swift; sourceTree = "<group>"; };
		D340FC2C22DB5D1F00C4D0B0 /* Base */ = {isa = PBXFileReference; lastKnownFileType = file.storyboard; name = Base; path = Base.lproj/Main.storyboard; sourceTree = "<group>"; };
		D340FC2E22DB5D2000C4D0B0 /* Assets.xcassets */ = {isa = PBXFileReference; lastKnownFileType = folder.assetcatalog; path = Assets.xcassets; sourceTree = "<group>"; };
		D340FC3122DB5D2000C4D0B0 /* Base */ = {isa = PBXFileReference; lastKnownFileType = file.storyboard; name = Base; path = Base.lproj/LaunchScreen.storyboard; sourceTree = "<group>"; };
		D340FC3322DB5D2000C4D0B0 /* Info.plist */ = {isa = PBXFileReference; lastKnownFileType = text.plist.xml; path = Info.plist; sourceTree = "<group>"; };
		D340FC3B22DB617300C4D0B0 /* Task.swift */ = {isa = PBXFileReference; lastKnownFileType = sourcecode.swift; path = Task.swift; sourceTree = "<group>"; };
/* End PBXFileReference section */

/* Begin PBXFrameworksBuildPhase section */
		D340FC2122DB5D1F00C4D0B0 /* Frameworks */ = {
			isa = PBXFrameworksBuildPhase;
			buildActionMask = 2147483647;
			files = (
			);
			runOnlyForDeploymentPostprocessing = 0;
		};
/* End PBXFrameworksBuildPhase section */

/* Begin PBXGroup section */
		D340FC1B22DB5D1E00C4D0B0 = {
			isa = PBXGroup;
			children = (
				D340FC2622DB5D1F00C4D0B0 /* ToDo */,
				D340FC2522DB5D1F00C4D0B0 /* Products */,
			);
			sourceTree = "<group>";
		};
		D340FC2522DB5D1F00C4D0B0 /* Products */ = {
			isa = PBXGroup;
			children = (
				D340FC2422DB5D1F00C4D0B0 /* ToDo.app */,
			);
			name = Products;
			sourceTree = "<group>";
		};
		D340FC2622DB5D1F00C4D0B0 /* ToDo */ = {
			isa = PBXGroup;
			children = (
				D340FC2722DB5D1F00C4D0B0 /* AppDelegate.swift */,
				D340FC3D22DB618100C4D0B0 /* Model */,
				D340FC3A22DB611F00C4D0B0 /* Views */,
				D340FC3922DB60EA00C4D0B0 /* Controllers */,
				D340FC3F22DB622F00C4D0B0 /* Supporting Files */,
			);
			path = ToDo;
			sourceTree = "<group>";
		};
		D340FC3922DB60EA00C4D0B0 /* Controllers */ = {
			isa = PBXGroup;
			children = (
				D340FC2922DB5D1F00C4D0B0 /* ViewController.swift */,
			);
			path = Controllers;
			sourceTree = "<group>";
		};
		D340FC3A22DB611F00C4D0B0 /* Views */ = {
			isa = PBXGroup;
			children = (
				D340FC2B22DB5D1F00C4D0B0 /* Main.storyboard */,
				D340FC3022DB5D2000C4D0B0 /* LaunchScreen.storyboard */,
			);
			path = Views;
			sourceTree = "<group>";
		};
		D340FC3D22DB618100C4D0B0 /* Model */ = {
			isa = PBXGroup;
			children = (
				D340FC3B22DB617300C4D0B0 /* Task.swift */,
			);
			path = Model;
			sourceTree = "<group>";
		};
		D340FC3F22DB622F00C4D0B0 /* Supporting Files */ = {
			isa = PBXGroup;
			children = (
				D340FC3322DB5D2000C4D0B0 /* Info.plist */,
				D340FC2E22DB5D2000C4D0B0 /* Assets.xcassets */,
			);
			path = "Supporting Files";
			sourceTree = "<group>";
		};
/* End PBXGroup section */

/* Begin PBXNativeTarget section */
		D340FC2322DB5D1F00C4D0B0 /* ToDo */ = {
			isa = PBXNativeTarget;
			buildConfigurationList = D340FC3622DB5D2000C4D0B0 /* Build configuration list for PBXNativeTarget "ToDo" */;
			buildPhases = (
				D340FC2022DB5D1F00C4D0B0 /* Sources */,
				D340FC2122DB5D1F00C4D0B0 /* Frameworks */,
				D340FC2222DB5D1F00C4D0B0 /* Resources */,
			);
			buildRules = (
			);
			dependencies = (
			);
			name = ToDo;
			productName = ToDo;
			productReference = D340FC2422DB5D1F00C4D0B0 /* ToDo.app */;
			productType = "com.apple.product-type.application";
		};
/* End PBXNativeTarget section */

/* Begin PBXProject section */
		D340FC1C22DB5D1E00C4D0B0 /* Project object */ = {
			isa = PBXProject;
			attributes = {
				LastSwiftUpdateCheck = 1020;
				LastUpgradeCheck = 1020;
				ORGANIZATIONNAME = "Jan Malewski";
				TargetAttributes = {
					D340FC2322DB5D1F00C4D0B0 = {
						CreatedOnToolsVersion = 10.2.1;
					};
				};
			};
			buildConfigurationList = D340FC1F22DB5D1E00C4D0B0 /* Build configuration list for PBXProject "ToDo" */;
			compatibilityVersion = "Xcode 9.3";
			developmentRegion = en;
			hasScannedForEncodings = 0;
			knownRegions = (
				en,
				Base,
			);
			mainGroup = D340FC1B22DB5D1E00C4D0B0;
			productRefGroup = D340FC2522DB5D1F00C4D0B0 /* Products */;
			projectDirPath = "";
			projectRoot = "";
			targets = (
				D340FC2322DB5D1F00C4D0B0 /* ToDo */,
			);
		};
/* End PBXProject section */

/* Begin PBXResourcesBuildPhase section */
		D340FC2222DB5D1F00C4D0B0 /* Resources */ = {
			isa = PBXResourcesBuildPhase;
			buildActionMask = 2147483647;
			files = (
				D340FC3222DB5D2000C4D0B0 /* LaunchScreen.storyboard in Resources */,
				D340FC2F22DB5D2000C4D0B0 /* Assets.xcassets in Resources */,
				D340FC2D22DB5D1F00C4D0B0 /* Main.storyboard in Resources */,
			);
			runOnlyForDeploymentPostprocessing = 0;
		};
/* End PBXResourcesBuildPhase section */

/* Begin PBXSourcesBuildPhase section */
		D340FC2022DB5D1F00C4D0B0 /* Sources */ = {
			isa = PBXSourcesBuildPhase;
			buildActionMask = 2147483647;
			files = (
				D340FC2A22DB5D1F00C4D0B0 /* ViewController.swift in Sources */,
				D340FC3C22DB617300C4D0B0 /* Task.swift in Sources */,
				D340FC2822DB5D1F00C4D0B0 /* AppDelegate.swift in Sources */,
			);
			runOnlyForDeploymentPostprocessing = 0;
		};
/* End PBXSourcesBuildPhase section */

/* Begin PBXVariantGroup section */
		D340FC2B22DB5D1F00C4D0B0 /* Main.storyboard */ = {
			isa = PBXVariantGroup;
			children = (
				D340FC2C22DB5D1F00C4D0B0 /* Base */,
			);
			name = Main.storyboard;
			sourceTree = "<group>";
		};
		D340FC3022DB5D2000C4D0B0 /* LaunchScreen.storyboard */ = {
			isa = PBXVariantGroup;
			children = (
				D340FC3122DB5D2000C4D0B0 /* Base */,
			);
			name = LaunchScreen.storyboard;
			sourceTree = "<group>";
		};
/* End PBXVariantGroup section */

/* Begin XCBuildConfiguration section */
		D340FC3422DB5D2000C4D0B0 /* Debug */ = {
			isa = XCBuildConfiguration;
			buildSettings = {
				ALWAYS_SEARCH_USER_PATHS = NO;
				CLANG_ANALYZER_NONNULL = YES;
				CLANG_ANALYZER_NUMBER_OBJECT_CONVERSION = YES_AGGRESSIVE;
				CLANG_CXX_LANGUAGE_STANDARD = "gnu++14";
				CLANG_CXX_LIBRARY = "libc++";
				CLANG_ENABLE_MODULES = YES;
				CLANG_ENABLE_OBJC_ARC = YES;
				CLANG_ENABLE_OBJC_WEAK = YES;
				CLANG_WARN_BLOCK_CAPTURE_AUTORELEASING = YES;
				CLANG_WARN_BOOL_CONVERSION = YES;
				CLANG_WARN_COMMA = YES;
				CLANG_WARN_CONSTANT_CONVERSION = YES;
				CLANG_WARN_DEPRECATED_OBJC_IMPLEMENTATIONS = YES;
				CLANG_WARN_DIRECT_OBJC_ISA_USAGE = YES_ERROR;
				CLANG_WARN_DOCUMENTATION_COMMENTS = YES;
				CLANG_WARN_EMPTY_BODY = YES;
				CLANG_WARN_ENUM_CONVERSION = YES;
				CLANG_WARN_INFINITE_RECURSION = YES;
				CLANG_WARN_INT_CONVERSION = YES;
				CLANG_WARN_NON_LITERAL_NULL_CONVERSION = YES;
				CLANG_WARN_OBJC_IMPLICIT_RETAIN_SELF = YES;
				CLANG_WARN_OBJC_LITERAL_CONVERSION = YES;
				CLANG_WARN_OBJC_ROOT_CLASS = YES_ERROR;
				CLANG_WARN_RANGE_LOOP_ANALYSIS = YES;
				CLANG_WARN_STRICT_PROTOTYPES = YES;
				CLANG_WARN_SUSPICIOUS_MOVE = YES;
				CLANG_WARN_UNGUARDED_AVAILABILITY = YES_AGGRESSIVE;
				CLANG_WARN_UNREACHABLE_CODE = YES;
				CLANG_WARN__DUPLICATE_METHOD_MATCH = YES;
				CODE_SIGN_IDENTITY = "iPhone Developer";
				COPY_PHASE_STRIP = NO;
				DEBUG_INFORMATION_FORMAT = dwarf;
				ENABLE_STRICT_OBJC_MSGSEND = YES;
				ENABLE_TESTABILITY = YES;
				GCC_C_LANGUAGE_STANDARD = gnu11;
				GCC_DYNAMIC_NO_PIC = NO;
				GCC_NO_COMMON_BLOCKS = YES;
				GCC_OPTIMIZATION_LEVEL = 0;
				GCC_PREPROCESSOR_DEFINITIONS = (
					"DEBUG=1",
					"$(inherited)",
				);
				GCC_WARN_64_TO_32_BIT_CONVERSION = YES;
				GCC_WARN_ABOUT_RETURN_TYPE = YES_ERROR;
				GCC_WARN_UNDECLARED_SELECTOR = YES;
				GCC_WARN_UNINITIALIZED_AUTOS = YES_AGGRESSIVE;
				GCC_WARN_UNUSED_FUNCTION = YES;
				GCC_WARN_UNUSED_VARIABLE = YES;
				IPHONEOS_DEPLOYMENT_TARGET = 12.2;
				MTL_ENABLE_DEBUG_INFO = INCLUDE_SOURCE;
				MTL_FAST_MATH = YES;
				ONLY_ACTIVE_ARCH = YES;
				SDKROOT = iphoneos;
				SWIFT_ACTIVE_COMPILATION_CONDITIONS = DEBUG;
				SWIFT_OPTIMIZATION_LEVEL = "-Onone";
			};
			name = Debug;
		};
		D340FC3522DB5D2000C4D0B0 /* Release */ = {
			isa = XCBuildConfiguration;
			buildSettings = {
				ALWAYS_SEARCH_USER_PATHS = NO;
				CLANG_ANALYZER_NONNULL = YES;
				CLANG_ANALYZER_NUMBER_OBJECT_CONVERSION = YES_AGGRESSIVE;
				CLANG_CXX_LANGUAGE_STANDARD = "gnu++14";
				CLANG_CXX_LIBRARY = "libc++";
				CLANG_ENABLE_MODULES = YES;
				CLANG_ENABLE_OBJC_ARC = YES;
				CLANG_ENABLE_OBJC_WEAK = YES;
				CLANG_WARN_BLOCK_CAPTURE_AUTORELEASING = YES;
				CLANG_WARN_BOOL_CONVERSION = YES;
				CLANG_WARN_COMMA = YES;
				CLANG_WARN_CONSTANT_CONVERSION = YES;
				CLANG_WARN_DEPRECATED_OBJC_IMPLEMENTATIONS = YES;
				CLANG_WARN_DIRECT_OBJC_ISA_USAGE = YES_ERROR;
				CLANG_WARN_DOCUMENTATION_COMMENTS = YES;
				CLANG_WARN_EMPTY_BODY = YES;
				CLANG_WARN_ENUM_CONVERSION = YES;
				CLANG_WARN_INFINITE_RECURSION = YES;
				CLANG_WARN_INT_CONVERSION = YES;
				CLANG_WARN_NON_LITERAL_NULL_CONVERSION = YES;
				CLANG_WARN_OBJC_IMPLICIT_RETAIN_SELF = YES;
				CLANG_WARN_OBJC_LITERAL_CONVERSION = YES;
				CLANG_WARN_OBJC_ROOT_CLASS = YES_ERROR;
				CLANG_WARN_RANGE_LOOP_ANALYSIS = YES;
				CLANG_WARN_STRICT_PROTOTYPES = YES;
				CLANG_WARN_SUSPICIOUS_MOVE = YES;
				CLANG_WARN_UNGUARDED_AVAILABILITY = YES_AGGRESSIVE;
				CLANG_WARN_UNREACHABLE_CODE = YES;
				CLANG_WARN__DUPLICATE_METHOD_MATCH = YES;
				CODE_SIGN_IDENTITY = "iPhone Developer";
				COPY_PHASE_STRIP = NO;
				DEBUG_INFORMATION_FORMAT = "dwarf-with-dsym";
				ENABLE_NS_ASSERTIONS = NO;
				ENABLE_STRICT_OBJC_MSGSEND = YES;
				GCC_C_LANGUAGE_STANDARD = gnu11;
				GCC_NO_COMMON_BLOCKS = YES;
				GCC_WARN_64_TO_32_BIT_CONVERSION = YES;
				GCC_WARN_ABOUT_RETURN_TYPE = YES_ERROR;
				GCC_WARN_UNDECLARED_SELECTOR = YES;
				GCC_WARN_UNINITIALIZED_AUTOS = YES_AGGRESSIVE;
				GCC_WARN_UNUSED_FUNCTION = YES;
				GCC_WARN_UNUSED_VARIABLE = YES;
				IPHONEOS_DEPLOYMENT_TARGET = 12.2;
				MTL_ENABLE_DEBUG_INFO = NO;
				MTL_FAST_MATH = YES;
				SDKROOT = iphoneos;
				SWIFT_COMPILATION_MODE = wholemodule;
				SWIFT_OPTIMIZATION_LEVEL = "-O";
				VALIDATE_PRODUCT = YES;
			};
			name = Release;
		};
		D340FC3722DB5D2000C4D0B0 /* Debug */ = {
			isa = XCBuildConfiguration;
			buildSettings = {
				ASSETCATALOG_COMPILER_APPICON_NAME = AppIcon;
				CODE_SIGN_STYLE = Automatic;
				DEVELOPMENT_TEAM = 9YP2WVC7Z2;
				INFOPLIST_FILE = "ToDo/Supporting Files/Info.plist";
				LD_RUNPATH_SEARCH_PATHS = (
					"$(inherited)",
					"@executable_path/Frameworks",
				);
				PRODUCT_BUNDLE_IDENTIFIER = com.malewski.ToDo;
				PRODUCT_NAME = "$(TARGET_NAME)";
				SWIFT_VERSION = 5.0;
				TARGETED_DEVICE_FAMILY = "1,2";
			};
			name = Debug;
		};
		D340FC3822DB5D2000C4D0B0 /* Release */ = {
			isa = XCBuildConfiguration;
			buildSettings = {
				ASSETCATALOG_COMPILER_APPICON_NAME = AppIcon;
				CODE_SIGN_STYLE = Automatic;
				DEVELOPMENT_TEAM = 9YP2WVC7Z2;
				INFOPLIST_FILE = "ToDo/Supporting Files/Info.plist";
				LD_RUNPATH_SEARCH_PATHS = (
					"$(inherited)",
					"@executable_path/Frameworks",
				);
				PRODUCT_BUNDLE_IDENTIFIER = com.malewski.ToDo;
				PRODUCT_NAME = "$(TARGET_NAME)";
				SWIFT_VERSION = 5.0;
				TARGETED_DEVICE_FAMILY = "1,2";
			};
			name = Release;
		};
/* End XCBuildConfiguration section */

/* Begin XCConfigurationList section */
		D340FC1F22DB5D1E00C4D0B0 /* Build configuration list for PBXProject "ToDo" */ = {
			isa = XCConfigurationList;
			buildConfigurations = (
				D340FC3422DB5D2000C4D0B0 /* Debug */,
				D340FC3522DB5D2000C4D0B0 /* Release */,
			);
			defaultConfigurationIsVisible = 0;
			defaultConfigurationName = Release;
		};
		D340FC3622DB5D2000C4D0B0 /* Build configuration list for PBXNativeTarget "ToDo" */ = {
			isa = XCConfigurationList;
			buildConfigurations = (
				D340FC3722DB5D2000C4D0B0 /* Debug */,
				D340FC3822DB5D2000C4D0B0 /* Release */,
			);
			defaultConfigurationIsVisible = 0;
			defaultConfigurationName = Release;
		};
/* End XCConfigurationList section */
	};
	rootObject = D340FC1C22DB5D1E00C4D0B0 /* Project object */;
}
